{
  "pins" : [
    {
      "identity" : "kingfisher",
      "kind" : "remoteSourceControl",
      "location" : "https://github.com/onevcat/Kingfisher.git",
      "state" : {
        "branch" : "master",
        "revision" : "3f179d840692d83978fa41eaad11caef68a8f418"
      }
    }
  ],
  "version" : 2
}
